// !$*UTF8*$!
{
	archiveVersion = 1;
	classes = {
	};
	objectVersion = 56;
	objects = {

/* Begin PBXBuildFile section */
		BEEF87302C3B72C000680636 /* MoonshotApp.swift in Sources */ = {isa = PBXBuildFile; fileRef = BEEF872F2C3B72C000680636 /* MoonshotApp.swift */; };
		BEEF87322C3B72C000680636 /* ContentView.swift in Sources */ = {isa = PBXBuildFile; fileRef = BEEF87312C3B72C000680636 /* ContentView.swift */; };
		BEEF87342C3B72C100680636 /* Assets.xcassets in Resources */ = {isa = PBXBuildFile; fileRef = BEEF87332C3B72C100680636 /* Assets.xcassets */; };
		BEEF87372C3B72C100680636 /* Preview Assets.xcassets in Resources */ = {isa = PBXBuildFile; fileRef = BEEF87362C3B72C100680636 /* Preview Assets.xcassets */; };
		BEEF873F2C3F4FC600680636 /* missions.json in Resources */ = {isa = PBXBuildFile; fileRef = BEEF873D2C3F4FC600680636 /* missions.json */; };
		BEEF87402C3F4FC600680636 /* astronauts.json in Resources */ = {isa = PBXBuildFile; fileRef = BEEF873E2C3F4FC600680636 /* astronauts.json */; };
		BEEF87422C3F507A00680636 /* Astronaut.swift in Sources */ = {isa = PBXBuildFile; fileRef = BEEF87412C3F507A00680636 /* Astronaut.swift */; };
		BEEF87442C3F51A000680636 /* Bundle-Decodable.swift in Sources */ = {isa = PBXBuildFile; fileRef = BEEF87432C3F51A000680636 /* Bundle-Decodable.swift */; };
		BEEF87462C3F568300680636 /* Mission.swift in Sources */ = {isa = PBXBuildFile; fileRef = BEEF87452C3F568300680636 /* Mission.swift */; };
		BEEF87482C3F606500680636 /* Color-Theme.swift in Sources */ = {isa = PBXBuildFile; fileRef = BEEF87472C3F606500680636 /* Color-Theme.swift */; };
		BEEF874A2C40D9A000680636 /* MissionView.swift in Sources */ = {isa = PBXBuildFile; fileRef = BEEF87492C40D9A000680636 /* MissionView.swift */; };
		BEEF874C2C41A17100680636 /* AstronautView.swift in Sources */ = {isa = PBXBuildFile; fileRef = BEEF874B2C41A17100680636 /* AstronautView.swift */; };
		BEEF874E2C41B30700680636 /* SectionTitle.swift in Sources */ = {isa = PBXBuildFile; fileRef = BEEF874D2C41B30700680636 /* SectionTitle.swift */; };
		BEEF87502C41B36300680636 /* CrewScrollView.swift in Sources */ = {isa = PBXBuildFile; fileRef = BEEF874F2C41B36200680636 /* CrewScrollView.swift */; };
		BEEF87522C41BDAA00680636 /* GridLayout.swift in Sources */ = {isa = PBXBuildFile; fileRef = BEEF87512C41BDAA00680636 /* GridLayout.swift */; };
		BEEF87562C41CBD000680636 /* ListLayout.swift in Sources */ = {isa = PBXBuildFile; fileRef = BEEF87552C41CBD000680636 /* ListLayout.swift */; };
/* End PBXBuildFile section */

/* Begin PBXFileReference section */
		BEEF872C2C3B72C000680636 /* Moonshot.app */ = {isa = PBXFileReference; explicitFileType = wrapper.application; includeInIndex = 0; path = Moonshot.app; sourceTree = BUILT_PRODUCTS_DIR; };
		BEEF872F2C3B72C000680636 /* MoonshotApp.swift */ = {isa = PBXFileReference; lastKnownFileType = sourcecode.swift; path = MoonshotApp.swift; sourceTree = "<group>"; };
		BEEF87312C3B72C000680636 /* ContentView.swift */ = {isa = PBXFileReference; lastKnownFileType = sourcecode.swift; path = ContentView.swift; sourceTree = "<group>"; };
		BEEF87332C3B72C100680636 /* Assets.xcassets */ = {isa = PBXFileReference; lastKnownFileType = folder.assetcatalog; path = Assets.xcassets; sourceTree = "<group>"; };
		BEEF87362C3B72C100680636 /* Preview Assets.xcassets */ = {isa = PBXFileReference; lastKnownFileType = folder.assetcatalog; path = "Preview Assets.xcassets"; sourceTree = "<group>"; };
		BEEF873D2C3F4FC600680636 /* missions.json */ = {isa = PBXFileReference; fileEncoding = 4; lastKnownFileType = text.json; path = missions.json; sourceTree = "<group>"; };
		BEEF873E2C3F4FC600680636 /* astronauts.json */ = {isa = PBXFileReference; fileEncoding = 4; lastKnownFileType = text.json; path = astronauts.json; sourceTree = "<group>"; };
		BEEF87412C3F507A00680636 /* Astronaut.swift */ = {isa = PBXFileReference; lastKnownFileType = sourcecode.swift; path = Astronaut.swift; sourceTree = "<group>"; };
		BEEF87432C3F51A000680636 /* Bundle-Decodable.swift */ = {isa = PBXFileReference; lastKnownFileType = sourcecode.swift; path = "Bundle-Decodable.swift"; sourceTree = "<group>"; };
		BEEF87452C3F568300680636 /* Mission.swift */ = {isa = PBXFileReference; lastKnownFileType = sourcecode.swift; path = Mission.swift; sourceTree = "<group>"; };
		BEEF87472C3F606500680636 /* Color-Theme.swift */ = {isa = PBXFileReference; lastKnownFileType = sourcecode.swift; path = "Color-Theme.swift"; sourceTree = "<group>"; };
		BEEF87492C40D9A000680636 /* MissionView.swift */ = {isa = PBXFileReference; lastKnownFileType = sourcecode.swift; path = MissionView.swift; sourceTree = "<group>"; };
		BEEF874B2C41A17100680636 /* AstronautView.swift */ = {isa = PBXFileReference; lastKnownFileType = sourcecode.swift; path = AstronautView.swift; sourceTree = "<group>"; };
		BEEF874D2C41B30700680636 /* SectionTitle.swift */ = {isa = PBXFileReference; lastKnownFileType = sourcecode.swift; path = SectionTitle.swift; sourceTree = "<group>"; };
		BEEF874F2C41B36200680636 /* CrewScrollView.swift */ = {isa = PBXFileReference; lastKnownFileType = sourcecode.swift; path = CrewScrollView.swift; sourceTree = "<group>"; };
		BEEF87512C41BDAA00680636 /* GridLayout.swift */ = {isa = PBXFileReference; lastKnownFileType = sourcecode.swift; path = GridLayout.swift; sourceTree = "<group>"; };
		BEEF87552C41CBD000680636 /* ListLayout.swift */ = {isa = PBXFileReference; lastKnownFileType = sourcecode.swift; path = ListLayout.swift; sourceTree = "<group>"; };
/* End PBXFileReference section */

/* Begin PBXFrameworksBuildPhase section */
		BEEF87292C3B72C000680636 /* Frameworks */ = {
			isa = PBXFrameworksBuildPhase;
			buildActionMask = 2147483647;
			files = (
			);
			runOnlyForDeploymentPostprocessing = 0;
		};
/* End PBXFrameworksBuildPhase section */

/* Begin PBXGroup section */
		BEEF87232C3B72C000680636 = {
			isa = PBXGroup;
			children = (
				BEEF872E2C3B72C000680636 /* Moonshot */,
				BEEF872D2C3B72C000680636 /* Products */,
			);
			sourceTree = "<group>";
		};
		BEEF872D2C3B72C000680636 /* Products */ = {
			isa = PBXGroup;
			children = (
				BEEF872C2C3B72C000680636 /* Moonshot.app */,
			);
			name = Products;
			sourceTree = "<group>";
		};
		BEEF872E2C3B72C000680636 /* Moonshot */ = {
			isa = PBXGroup;
			children = (
				BEEF872F2C3B72C000680636 /* MoonshotApp.swift */,
				BEEF87312C3B72C000680636 /* ContentView.swift */,
				BEEF87472C3F606500680636 /* Color-Theme.swift */,
				BEEF87432C3F51A000680636 /* Bundle-Decodable.swift */,
				BEEF87452C3F568300680636 /* Mission.swift */,
				BEEF87492C40D9A000680636 /* MissionView.swift */,
				BEEF874F2C41B36200680636 /* CrewScrollView.swift */,
				BEEF874D2C41B30700680636 /* SectionTitle.swift */,
				BEEF874B2C41A17100680636 /* AstronautView.swift */,
				BEEF87552C41CBD000680636 /* ListLayout.swift */,
				BEEF87512C41BDAA00680636 /* GridLayout.swift */,
				BEEF87412C3F507A00680636 /* Astronaut.swift */,
				BEEF873E2C3F4FC600680636 /* astronauts.json */,
				BEEF873D2C3F4FC600680636 /* missions.json */,
				BEEF87332C3B72C100680636 /* Assets.xcassets */,
				BEEF87352C3B72C100680636 /* Preview Content */,
			);
			path = Moonshot;
			sourceTree = "<group>";
		};
		BEEF87352C3B72C100680636 /* Preview Content */ = {
			isa = PBXGroup;
			children = (
				BEEF87362C3B72C100680636 /* Preview Assets.xcassets */,
			);
			path = "Preview Content";
			sourceTree = "<group>";
		};
/* End PBXGroup section */

/* Begin PBXNativeTarget section */
		BEEF872B2C3B72C000680636 /* Moonshot */ = {
			isa = PBXNativeTarget;
			buildConfigurationList = BEEF873A2C3B72C100680636 /* Build configuration list for PBXNativeTarget "Moonshot" */;
			buildPhases = (
				BEEF87282C3B72C000680636 /* Sources */,
				BEEF87292C3B72C000680636 /* Frameworks */,
				BEEF872A2C3B72C000680636 /* Resources */,
			);
			buildRules = (
			);
			dependencies = (
			);
			name = Moonshot;
			productName = Moonshot;
			productReference = BEEF872C2C3B72C000680636 /* Moonshot.app */;
			productType = "com.apple.product-type.application";
		};
/* End PBXNativeTarget section */

/* Begin PBXProject section */
		BEEF87242C3B72C000680636 /* Project object */ = {
			isa = PBXProject;
			attributes = {
				BuildIndependentTargetsInParallel = 1;
				LastSwiftUpdateCheck = 1540;
				LastUpgradeCheck = 1540;
				TargetAttributes = {
					BEEF872B2C3B72C000680636 = {
						CreatedOnToolsVersion = 15.4;
					};
				};
			};
			buildConfigurationList = BEEF87272C3B72C000680636 /* Build configuration list for PBXProject "Moonshot" */;
			compatibilityVersion = "Xcode 14.0";
			developmentRegion = en;
			hasScannedForEncodings = 0;
			knownRegions = (
				en,
				Base,
			);
			mainGroup = BEEF87232C3B72C000680636;
			productRefGroup = BEEF872D2C3B72C000680636 /* Products */;
			projectDirPath = "";
			projectRoot = "";
			targets = (
				BEEF872B2C3B72C000680636 /* Moonshot */,
			);
		};
/* End PBXProject section */

/* Begin PBXResourcesBuildPhase section */
		BEEF872A2C3B72C000680636 /* Resources */ = {
			isa = PBXResourcesBuildPhase;
			buildActionMask = 2147483647;
			files = (
				BEEF87372C3B72C100680636 /* Preview Assets.xcassets in Resources */,
				BEEF873F2C3F4FC600680636 /* missions.json in Resources */,
				BEEF87342C3B72C100680636 /* Assets.xcassets in Resources */,
				BEEF87402C3F4FC600680636 /* astronauts.json in Resources */,
			);
			runOnlyForDeploymentPostprocessing = 0;
		};
/* End PBXResourcesBuildPhase section */

/* Begin PBXSourcesBuildPhase section */
		BEEF87282C3B72C000680636 /* Sources */ = {
			isa = PBXSourcesBuildPhase;
			buildActionMask = 2147483647;
			files = (
				BEEF874A2C40D9A000680636 /* MissionView.swift in Sources */,
				BEEF87422C3F507A00680636 /* Astronaut.swift in Sources */,
				BEEF874E2C41B30700680636 /* SectionTitle.swift in Sources */,
				BEEF874C2C41A17100680636 /* AstronautView.swift in Sources */,
				BEEF87482C3F606500680636 /* Color-Theme.swift in Sources */,
				BEEF87322C3B72C000680636 /* ContentView.swift in Sources */,
				BEEF87302C3B72C000680636 /* MoonshotApp.swift in Sources */,
				BEEF87462C3F568300680636 /* Mission.swift in Sources */,
				BEEF87502C41B36300680636 /* CrewScrollView.swift in Sources */,
				BEEF87562C41CBD000680636 /* ListLayout.swift in Sources */,
				BEEF87442C3F51A000680636 /* Bundle-Decodable.swift in Sources */,
				BEEF87522C41BDAA00680636 /* GridLayout.swift in Sources */,
			);
			runOnlyForDeploymentPostprocessing = 0;
		};
/* End PBXSourcesBuildPhase section */

/* Begin XCBuildConfiguration section */
		BEEF87382C3B72C100680636 /* Debug */ = {
			isa = XCBuildConfiguration;
			buildSettings = {
				ALWAYS_SEARCH_USER_PATHS = NO;
				ASSETCATALOG_COMPILER_GENERATE_SWIFT_ASSET_SYMBOL_EXTENSIONS = YES;
				CLANG_ANALYZER_NONNULL = YES;
				CLANG_ANALYZER_NUMBER_OBJECT_CONVERSION = YES_AGGRESSIVE;
				CLANG_CXX_LANGUAGE_STANDARD = "gnu++20";
				CLANG_ENABLE_MODULES = YES;
				CLANG_ENABLE_OBJC_ARC = YES;
				CLANG_ENABLE_OBJC_WEAK = YES;
				CLANG_WARN_BLOCK_CAPTURE_AUTORELEASING = YES;
				CLANG_WARN_BOOL_CONVERSION = YES;
				CLANG_WARN_COMMA = YES;
				CLANG_WARN_CONSTANT_CONVERSION = YES;
				CLANG_WARN_DEPRECATED_OBJC_IMPLEMENTATIONS = YES;
				CLANG_WARN_DIRECT_OBJC_ISA_USAGE = YES_ERROR;
				CLANG_WARN_DOCUMENTATION_COMMENTS = YES;
				CLANG_WARN_EMPTY_BODY = YES;
				CLANG_WARN_ENUM_CONVERSION = YES;
				CLANG_WARN_INFINITE_RECURSION = YES;
				CLANG_WARN_INT_CONVERSION = YES;
				CLANG_WARN_NON_LITERAL_NULL_CONVERSION = YES;
				CLANG_WARN_OBJC_IMPLICIT_RETAIN_SELF = YES;
				CLANG_WARN_OBJC_LITERAL_CONVERSION = YES;
				CLANG_WARN_OBJC_ROOT_CLASS = YES_ERROR;
				CLANG_WARN_QUOTED_INCLUDE_IN_FRAMEWORK_HEADER = YES;
				CLANG_WARN_RANGE_LOOP_ANALYSIS = YES;
				CLANG_WARN_STRICT_PROTOTYPES = YES;
				CLANG_WARN_SUSPICIOUS_MOVE = YES;
				CLANG_WARN_UNGUARDED_AVAILABILITY = YES_AGGRESSIVE;
				CLANG_WARN_UNREACHABLE_CODE = YES;
				CLANG_WARN__DUPLICATE_METHOD_MATCH = YES;
				COPY_PHASE_STRIP = NO;
				DEBUG_INFORMATION_FORMAT = dwarf;
				ENABLE_STRICT_OBJC_MSGSEND = YES;
				ENABLE_TESTABILITY = YES;
				ENABLE_USER_SCRIPT_SANDBOXING = YES;
				GCC_C_LANGUAGE_STANDARD = gnu17;
				GCC_DYNAMIC_NO_PIC = NO;
				GCC_NO_COMMON_BLOCKS = YES;
				GCC_OPTIMIZATION_LEVEL = 0;
				GCC_PREPROCESSOR_DEFINITIONS = (
					"DEBUG=1",
					"$(inherited)",
				);
				GCC_WARN_64_TO_32_BIT_CONVERSION = YES;
				GCC_WARN_ABOUT_RETURN_TYPE = YES_ERROR;
				GCC_WARN_UNDECLARED_SELECTOR = YES;
				GCC_WARN_UNINITIALIZED_AUTOS = YES_AGGRESSIVE;
				GCC_WARN_UNUSED_FUNCTION = YES;
				GCC_WARN_UNUSED_VARIABLE = YES;
				IPHONEOS_DEPLOYMENT_TARGET = 17.5;
				LOCALIZATION_PREFERS_STRING_CATALOGS = YES;
				MTL_ENABLE_DEBUG_INFO = INCLUDE_SOURCE;
				MTL_FAST_MATH = YES;
				ONLY_ACTIVE_ARCH = YES;
				SDKROOT = iphoneos;
				SWIFT_ACTIVE_COMPILATION_CONDITIONS = "DEBUG $(inherited)";
				SWIFT_OPTIMIZATION_LEVEL = "-Onone";
			};
			name = Debug;
		};
		BEEF87392C3B72C100680636 /* Release */ = {
			isa = XCBuildConfiguration;
			buildSettings = {
				ALWAYS_SEARCH_USER_PATHS = NO;
				ASSETCATALOG_COMPILER_GENERATE_SWIFT_ASSET_SYMBOL_EXTENSIONS = YES;
				CLANG_ANALYZER_NONNULL = YES;
				CLANG_ANALYZER_NUMBER_OBJECT_CONVERSION = YES_AGGRESSIVE;
				CLANG_CXX_LANGUAGE_STANDARD = "gnu++20";
				CLANG_ENABLE_MODULES = YES;
				CLANG_ENABLE_OBJC_ARC = YES;
				CLANG_ENABLE_OBJC_WEAK = YES;
				CLANG_WARN_BLOCK_CAPTURE_AUTORELEASING = YES;
				CLANG_WARN_BOOL_CONVERSION = YES;
				CLANG_WARN_COMMA = YES;
				CLANG_WARN_CONSTANT_CONVERSION = YES;
				CLANG_WARN_DEPRECATED_OBJC_IMPLEMENTATIONS = YES;
				CLANG_WARN_DIRECT_OBJC_ISA_USAGE = YES_ERROR;
				CLANG_WARN_DOCUMENTATION_COMMENTS = YES;
				CLANG_WARN_EMPTY_BODY = YES;
				CLANG_WARN_ENUM_CONVERSION = YES;
				CLANG_WARN_INFINITE_RECURSION = YES;
				CLANG_WARN_INT_CONVERSION = YES;
				CLANG_WARN_NON_LITERAL_NULL_CONVERSION = YES;
				CLANG_WARN_OBJC_IMPLICIT_RETAIN_SELF = YES;
				CLANG_WARN_OBJC_LITERAL_CONVERSION = YES;
				CLANG_WARN_OBJC_ROOT_CLASS = YES_ERROR;
				CLANG_WARN_QUOTED_INCLUDE_IN_FRAMEWORK_HEADER = YES;
				CLANG_WARN_RANGE_LOOP_ANALYSIS = YES;
				CLANG_WARN_STRICT_PROTOTYPES = YES;
				CLANG_WARN_SUSPICIOUS_MOVE = YES;
				CLANG_WARN_UNGUARDED_AVAILABILITY = YES_AGGRESSIVE;
				CLANG_WARN_UNREACHABLE_CODE = YES;
				CLANG_WARN__DUPLICATE_METHOD_MATCH = YES;
				COPY_PHASE_STRIP = NO;
				DEBUG_INFORMATION_FORMAT = "dwarf-with-dsym";
				ENABLE_NS_ASSERTIONS = NO;
				ENABLE_STRICT_OBJC_MSGSEND = YES;
				ENABLE_USER_SCRIPT_SANDBOXING = YES;
				GCC_C_LANGUAGE_STANDARD = gnu17;
				GCC_NO_COMMON_BLOCKS = YES;
				GCC_WARN_64_TO_32_BIT_CONVERSION = YES;
				GCC_WARN_ABOUT_RETURN_TYPE = YES_ERROR;
				GCC_WARN_UNDECLARED_SELECTOR = YES;
				GCC_WARN_UNINITIALIZED_AUTOS = YES_AGGRESSIVE;
				GCC_WARN_UNUSED_FUNCTION = YES;
				GCC_WARN_UNUSED_VARIABLE = YES;
				IPHONEOS_DEPLOYMENT_TARGET = 17.5;
				LOCALIZATION_PREFERS_STRING_CATALOGS = YES;
				MTL_ENABLE_DEBUG_INFO = NO;
				MTL_FAST_MATH = YES;
				SDKROOT = iphoneos;
				SWIFT_COMPILATION_MODE = wholemodule;
				VALIDATE_PRODUCT = YES;
			};
			name = Release;
		};
		BEEF873B2C3B72C100680636 /* Debug */ = {
			isa = XCBuildConfiguration;
			buildSettings = {
				ASSETCATALOG_COMPILER_APPICON_NAME = AppIcon;
				ASSETCATALOG_COMPILER_GLOBAL_ACCENT_COLOR_NAME = AccentColor;
				CODE_SIGN_STYLE = Automatic;
				CURRENT_PROJECT_VERSION = 1;
				DEVELOPMENT_ASSET_PATHS = "\"Moonshot/Preview Content\"";
				ENABLE_PREVIEWS = YES;
				GENERATE_INFOPLIST_FILE = YES;
				INFOPLIST_KEY_UIApplicationSceneManifest_Generation = YES;
				INFOPLIST_KEY_UIApplicationSupportsIndirectInputEvents = YES;
				INFOPLIST_KEY_UILaunchScreen_Generation = YES;
				INFOPLIST_KEY_UISupportedInterfaceOrientations_iPad = "UIInterfaceOrientationPortrait UIInterfaceOrientationPortraitUpsideDown UIInterfaceOrientationLandscapeLeft UIInterfaceOrientationLandscapeRight";
				INFOPLIST_KEY_UISupportedInterfaceOrientations_iPhone = "UIInterfaceOrientationPortrait UIInterfaceOrientationLandscapeLeft UIInterfaceOrientationLandscapeRight";
				LD_RUNPATH_SEARCH_PATHS = (
					"$(inherited)",
					"@executable_path/Frameworks",
				);
				MARKETING_VERSION = 1.0;
				PRODUCT_BUNDLE_IDENTIFIER = me.anthony.candelino.Moonshot;
				PRODUCT_NAME = "$(TARGET_NAME)";
				SWIFT_EMIT_LOC_STRINGS = YES;
				SWIFT_VERSION = 5.0;
				TARGETED_DEVICE_FAMILY = "1,2";
			};
			name = Debug;
		};
		BEEF873C2C3B72C100680636 /* Release */ = {
			isa = XCBuildConfiguration;
			buildSettings = {
				ASSETCATALOG_COMPILER_APPICON_NAME = AppIcon;
				ASSETCATALOG_COMPILER_GLOBAL_ACCENT_COLOR_NAME = AccentColor;
				CODE_SIGN_STYLE = Automatic;
				CURRENT_PROJECT_VERSION = 1;
				DEVELOPMENT_ASSET_PATHS = "\"Moonshot/Preview Content\"";
				ENABLE_PREVIEWS = YES;
				GENERATE_INFOPLIST_FILE = YES;
				INFOPLIST_KEY_UIApplicationSceneManifest_Generation = YES;
				INFOPLIST_KEY_UIApplicationSupportsIndirectInputEvents = YES;
				INFOPLIST_KEY_UILaunchScreen_Generation = YES;
				INFOPLIST_KEY_UISupportedInterfaceOrientations_iPad = "UIInterfaceOrientationPortrait UIInterfaceOrientationPortraitUpsideDown UIInterfaceOrientationLandscapeLeft UIInterfaceOrientationLandscapeRight";
				INFOPLIST_KEY_UISupportedInterfaceOrientations_iPhone = "UIInterfaceOrientationPortrait UIInterfaceOrientationLandscapeLeft UIInterfaceOrientationLandscapeRight";
				LD_RUNPATH_SEARCH_PATHS = (
					"$(inherited)",
					"@executable_path/Frameworks",
				);
				MARKETING_VERSION = 1.0;
				PRODUCT_BUNDLE_IDENTIFIER = me.anthony.candelino.Moonshot;
				PRODUCT_NAME = "$(TARGET_NAME)";
				SWIFT_EMIT_LOC_STRINGS = YES;
				SWIFT_VERSION = 5.0;
				TARGETED_DEVICE_FAMILY = "1,2";
			};
			name = Release;
		};
/* End XCBuildConfiguration section */

/* Begin XCConfigurationList section */
		BEEF87272C3B72C000680636 /* Build configuration list for PBXProject "Moonshot" */ = {
			isa = XCConfigurationList;
			buildConfigurations = (
				BEEF87382C3B72C100680636 /* Debug */,
				BEEF87392C3B72C100680636 /* Release */,
			);
			defaultConfigurationIsVisible = 0;
			defaultConfigurationName = Release;
		};
		BEEF873A2C3B72C100680636 /* Build configuration list for PBXNativeTarget "Moonshot" */ = {
			isa = XCConfigurationList;
			buildConfigurations = (
				BEEF873B2C3B72C100680636 /* Debug */,
				BEEF873C2C3B72C100680636 /* Release */,
			);
			defaultConfigurationIsVisible = 0;
			defaultConfigurationName = Release;
		};
/* End XCConfigurationList section */
	};
	rootObject = BEEF87242C3B72C000680636 /* Project object */;
}
